{
  "version": 4,
  "terraform_version": "1.9.6",
  "serial": 3,
  "lineage": "7be17595-35a7-d1f6-9e52-c841ee66e121",
  "outputs": {},
  "resources": [
    {
      "mode": "managed",
      "type": "aws_dynamodb_table",
      "name": "dynamodb_table",
      "provider": "provider[\"registry.terraform.io/hashicorp/aws\"]",
      "instances": [
        {
          "status": "tainted",
          "schema_version": 1,
          "attributes": {
            "arn": "arn:aws:dynamodb:ap-southeast-1:381492210415:table/Books",
            "attribute": [
              {
                "name": "Author",
                "type": "S"
              },
              {
                "name": "BookTitle",
                "type": "S"
              },
              {
                "name": "ID",
                "type": "N"
              }
            ],
            "billing_mode": "PROVISIONED",
            "deletion_protection_enabled": false,
            "global_secondary_index": [
              {
                "hash_key": "Author",
                "name": "AuthorIndex",
                "non_key_attributes": [
                  "BookTitle"
                ],
                "projection_type": "INCLUDE",
                "range_key": "",
                "read_capacity": 5,
                "write_capacity": 5
              }
            ],
            "hash_key": "ID",
            "id": "Books",
            "local_secondary_index": [],
            "name": "Books",
            "point_in_time_recovery": [
              {
                "enabled": false
              }
            ],
            "range_key": "BookTitle",
            "read_capacity": 5,
            "replica": [],
            "restore_date_time": null,
            "restore_source_name": null,
            "restore_to_latest_time": null,
            "server_side_encryption": [],
            "stream_arn": "",
            "stream_enabled": false,
            "stream_label": "",
            "stream_view_type": "",
            "table_class": "STANDARD",
            "tags": {
              "Name": "dynamo-table-1"
            },
            "tags_all": {
              "Name": "dynamo-table-1"
            },
            "timeouts": null,
            "ttl": [
              {
                "attribute_name": "",
                "enabled": false
              }
            ],
            "write_capacity": 5
          },
          "sensitive_attributes": [],
          "private": "eyJlMmJmYjczMC1lY2FhLTExZTYtOGY4OC0zNDM2M2JjN2M0YzAiOnsiY3JlYXRlIjoxODAwMDAwMDAwMDAwLCJkZWxldGUiOjYwMDAwMDAwMDAwMCwidXBkYXRlIjozNjAwMDAwMDAwMDAwfSwic2NoZW1hX3ZlcnNpb24iOiIxIn0="
        }
      ]
    }
  ],
  "check_results": null
}
